// !$*UTF8*$!
{
	archiveVersion = 1;
	classes = {
	};
	objectVersion = 46;
	objects = {

/* Begin PBXBuildFile section */
		844500131E41CE0000866159 /* ThreeRingControl.framework in Frameworks */ = {isa = PBXBuildFile; fileRef = 844500091E41CDFF00866159 /* ThreeRingControl.framework */; };
		844500181E41CE0000866159 /* ThreeRingControlTests.swift in Sources */ = {isa = PBXBuildFile; fileRef = 844500171E41CE0000866159 /* ThreeRingControlTests.swift */; };
		8445001A1E41CE0000866159 /* ThreeRingControl.h in Headers */ = {isa = PBXBuildFile; fileRef = 8445000C1E41CE0000866159 /* ThreeRingControl.h */; settings = {ATTRIBUTES = (Public, ); }; };
		8445002B1E41CEA300866159 /* CircularGradient.swift in Sources */ = {isa = PBXBuildFile; fileRef = 844500231E41CEA300866159 /* CircularGradient.swift */; };
		8445002C1E41CEA300866159 /* RingLayer.swift in Sources */ = {isa = PBXBuildFile; fileRef = 844500241E41CEA300866159 /* RingLayer.swift */; };
		8445002D1E41CEA300866159 /* RingTip.swift in Sources */ = {isa = PBXBuildFile; fileRef = 844500251E41CEA300866159 /* RingTip.swift */; };
		8445002E1E41CEA300866159 /* ThreeRingView.swift in Sources */ = {isa = PBXBuildFile; fileRef = 844500261E41CEA300866159 /* ThreeRingView.swift */; };
		8445002F1E41CEA300866159 /* Utilities.swift in Sources */ = {isa = PBXBuildFile; fileRef = 844500271E41CEA300866159 /* Utilities.swift */; };
		844500301E41CEA300866159 /* Fanfare.swift in Sources */ = {isa = PBXBuildFile; fileRef = 844500281E41CEA300866159 /* Fanfare.swift */; };
		844500311E41CEA300866159 /* coin07.mp3 in Resources */ = {isa = PBXBuildFile; fileRef = 844500291E41CEA300866159 /* coin07.mp3 */; };
		844500321E41CEA300866159 /* winning.mp3 in Resources */ = {isa = PBXBuildFile; fileRef = 8445002A1E41CEA300866159 /* winning.mp3 */; };
/* End PBXBuildFile section */

/* Begin PBXContainerItemProxy section */
		844500141E41CE0000866159 /* PBXContainerItemProxy */ = {
			isa = PBXContainerItemProxy;
			containerPortal = 844500001E41CDFF00866159 /* Project object */;
			proxyType = 1;
			remoteGlobalIDString = 844500081E41CDFF00866159;
			remoteInfo = ThreeRingControl;
		};
/* End PBXContainerItemProxy section */

/* Begin PBXFileReference section */
		844500091E41CDFF00866159 /* ThreeRingControl.framework */ = {isa = PBXFileReference; explicitFileType = wrapper.framework; includeInIndex = 0; path = ThreeRingControl.framework; sourceTree = BUILT_PRODUCTS_DIR; };
		8445000C1E41CE0000866159 /* ThreeRingControl.h */ = {isa = PBXFileReference; lastKnownFileType = sourcecode.c.h; path = ThreeRingControl.h; sourceTree = "<group>"; };
		8445000D1E41CE0000866159 /* Info.plist */ = {isa = PBXFileReference; lastKnownFileType = text.plist.xml; path = Info.plist; sourceTree = "<group>"; };
		844500121E41CE0000866159 /* ThreeRingControlTests.xctest */ = {isa = PBXFileReference; explicitFileType = wrapper.cfbundle; includeInIndex = 0; path = ThreeRingControlTests.xctest; sourceTree = BUILT_PRODUCTS_DIR; };
		844500171E41CE0000866159 /* ThreeRingControlTests.swift */ = {isa = PBXFileReference; lastKnownFileType = sourcecode.swift; path = ThreeRingControlTests.swift; sourceTree = "<group>"; };
		844500191E41CE0000866159 /* Info.plist */ = {isa = PBXFileReference; lastKnownFileType = text.plist.xml; path = Info.plist; sourceTree = "<group>"; };
		844500231E41CEA300866159 /* CircularGradient.swift */ = {isa = PBXFileReference; fileEncoding = 4; lastKnownFileType = sourcecode.swift; path = CircularGradient.swift; sourceTree = "<group>"; };
		844500241E41CEA300866159 /* RingLayer.swift */ = {isa = PBXFileReference; fileEncoding = 4; lastKnownFileType = sourcecode.swift; path = RingLayer.swift; sourceTree = "<group>"; };
		844500251E41CEA300866159 /* RingTip.swift */ = {isa = PBXFileReference; fileEncoding = 4; lastKnownFileType = sourcecode.swift; path = RingTip.swift; sourceTree = "<group>"; };
		844500261E41CEA300866159 /* ThreeRingView.swift */ = {isa = PBXFileReference; fileEncoding = 4; lastKnownFileType = sourcecode.swift; path = ThreeRingView.swift; sourceTree = "<group>"; };
		844500271E41CEA300866159 /* Utilities.swift */ = {isa = PBXFileReference; fileEncoding = 4; lastKnownFileType = sourcecode.swift; path = Utilities.swift; sourceTree = "<group>"; };
		844500281E41CEA300866159 /* Fanfare.swift */ = {isa = PBXFileReference; fileEncoding = 4; lastKnownFileType = sourcecode.swift; path = Fanfare.swift; sourceTree = "<group>"; };
		844500291E41CEA300866159 /* coin07.mp3 */ = {isa = PBXFileReference; lastKnownFileType = audio.mp3; path = coin07.mp3; sourceTree = "<group>"; };
		8445002A1E41CEA300866159 /* winning.mp3 */ = {isa = PBXFileReference; lastKnownFileType = audio.mp3; path = winning.mp3; sourceTree = "<group>"; };
/* End PBXFileReference section */

/* Begin PBXFrameworksBuildPhase section */
		844500051E41CDFF00866159 /* Frameworks */ = {
			isa = PBXFrameworksBuildPhase;
			buildActionMask = 2147483647;
			files = (
			);
			runOnlyForDeploymentPostprocessing = 0;
		};
		8445000F1E41CE0000866159 /* Frameworks */ = {
			isa = PBXFrameworksBuildPhase;
			buildActionMask = 2147483647;
			files = (
				844500131E41CE0000866159 /* ThreeRingControl.framework in Frameworks */,
			);
			runOnlyForDeploymentPostprocessing = 0;
		};
/* End PBXFrameworksBuildPhase section */

/* Begin PBXGroup section */
		8445000A1E41CDFF00866159 /* Products */ = {
			isa = PBXGroup;
			children = (
				844500091E41CDFF00866159 /* ThreeRingControl.framework */,
				844500121E41CE0000866159 /* ThreeRingControlTests.xctest */,
			);
			name = Products;
			sourceTree = "<group>";
		};
		8445000B1E41CDFF00866159 /* ThreeRingControl */ = {
			isa = PBXGroup;
			children = (
				844500231E41CEA300866159 /* CircularGradient.swift */,
				844500241E41CEA300866159 /* RingLayer.swift */,
				844500251E41CEA300866159 /* RingTip.swift */,
				844500261E41CEA300866159 /* ThreeRingView.swift */,
				844500271E41CEA300866159 /* Utilities.swift */,
				844500281E41CEA300866159 /* Fanfare.swift */,
				844500291E41CEA300866159 /* coin07.mp3 */,
				8445002A1E41CEA300866159 /* winning.mp3 */,
				8445000C1E41CE0000866159 /* ThreeRingControl.h */,
				8445000D1E41CE0000866159 /* Info.plist */,
			);
			path = ThreeRingControl;
			sourceTree = "<group>";
		};
		844500161E41CE0000866159 /* ThreeRingControlTests */ = {
			isa = PBXGroup;
			children = (
				844500171E41CE0000866159 /* ThreeRingControlTests.swift */,
				844500191E41CE0000866159 /* Info.plist */,
			);
			path = ThreeRingControlTests;
			sourceTree = "<group>";
		};
		8445FFFF1E41CDFF00866159 = {
			isa = PBXGroup;
			children = (
				8445000B1E41CDFF00866159 /* ThreeRingControl */,
				844500161E41CE0000866159 /* ThreeRingControlTests */,
				8445000A1E41CDFF00866159 /* Products */,
			);
			sourceTree = "<group>";
		};
/* End PBXGroup section */

/* Begin PBXHeadersBuildPhase section */
		844500061E41CDFF00866159 /* Headers */ = {
			isa = PBXHeadersBuildPhase;
			buildActionMask = 2147483647;
			files = (
				8445001A1E41CE0000866159 /* ThreeRingControl.h in Headers */,
			);
			runOnlyForDeploymentPostprocessing = 0;
		};
/* End PBXHeadersBuildPhase section */

/* Begin PBXNativeTarget section */
		844500081E41CDFF00866159 /* ThreeRingControl */ = {
			isa = PBXNativeTarget;
			buildConfigurationList = 8445001D1E41CE0000866159 /* Build configuration list for PBXNativeTarget "ThreeRingControl" */;
			buildPhases = (
				844500041E41CDFF00866159 /* Sources */,
				844500051E41CDFF00866159 /* Frameworks */,
				844500061E41CDFF00866159 /* Headers */,
				844500071E41CDFF00866159 /* Resources */,
			);
			buildRules = (
			);
			dependencies = (
			);
			name = ThreeRingControl;
			productName = ThreeRingControl;
			productReference = 844500091E41CDFF00866159 /* ThreeRingControl.framework */;
			productType = "com.apple.product-type.framework";
		};
		844500111E41CE0000866159 /* ThreeRingControlTests */ = {
			isa = PBXNativeTarget;
			buildConfigurationList = 844500201E41CE0000866159 /* Build configuration list for PBXNativeTarget "ThreeRingControlTests" */;
			buildPhases = (
				8445000E1E41CE0000866159 /* Sources */,
				8445000F1E41CE0000866159 /* Frameworks */,
				844500101E41CE0000866159 /* Resources */,
			);
			buildRules = (
			);
			dependencies = (
				844500151E41CE0000866159 /* PBXTargetDependency */,
			);
			name = ThreeRingControlTests;
			productName = ThreeRingControlTests;
			productReference = 844500121E41CE0000866159 /* ThreeRingControlTests.xctest */;
			productType = "com.apple.product-type.bundle.unit-test";
		};
/* End PBXNativeTarget section */

/* Begin PBXProject section */
		844500001E41CDFF00866159 /* Project object */ = {
			isa = PBXProject;
			attributes = {
				LastSwiftUpdateCheck = 0800;
				LastUpgradeCheck = 0800;
				ORGANIZATIONNAME = "Indusnet Tech";
				TargetAttributes = {
					844500081E41CDFF00866159 = {
						CreatedOnToolsVersion = 8.0;
						LastSwiftMigration = 0800;
						ProvisioningStyle = Automatic;
					};
					844500111E41CE0000866159 = {
						CreatedOnToolsVersion = 8.0;
						ProvisioningStyle = Automatic;
					};
				};
			};
			buildConfigurationList = 844500031E41CDFF00866159 /* Build configuration list for PBXProject "ThreeRingControl" */;
			compatibilityVersion = "Xcode 3.2";
			developmentRegion = English;
			hasScannedForEncodings = 0;
			knownRegions = (
				en,
			);
			mainGroup = 8445FFFF1E41CDFF00866159;
			productRefGroup = 8445000A1E41CDFF00866159 /* Products */;
			projectDirPath = "";
			projectRoot = "";
			targets = (
				844500081E41CDFF00866159 /* ThreeRingControl */,
				844500111E41CE0000866159 /* ThreeRingControlTests */,
			);
		};
/* End PBXProject section */

/* Begin PBXResourcesBuildPhase section */
		844500071E41CDFF00866159 /* Resources */ = {
			isa = PBXResourcesBuildPhase;
			buildActionMask = 2147483647;
			files = (
				844500311E41CEA300866159 /* coin07.mp3 in Resources */,
				844500321E41CEA300866159 /* winning.mp3 in Resources */,
			);
			runOnlyForDeploymentPostprocessing = 0;
		};
		844500101E41CE0000866159 /* Resources */ = {
			isa = PBXResourcesBuildPhase;
			buildActionMask = 2147483647;
			files = (
			);
			runOnlyForDeploymentPostprocessing = 0;
		};
/* End PBXResourcesBuildPhase section */

/* Begin PBXSourcesBuildPhase section */
		844500041E41CDFF00866159 /* Sources */ = {
			isa = PBXSourcesBuildPhase;
			buildActionMask = 2147483647;
			files = (
				8445002B1E41CEA300866159 /* CircularGradient.swift in Sources */,
				8445002E1E41CEA300866159 /* ThreeRingView.swift in Sources */,
				8445002D1E41CEA300866159 /* RingTip.swift in Sources */,
				8445002F1E41CEA300866159 /* Utilities.swift in Sources */,
				8445002C1E41CEA300866159 /* RingLayer.swift in Sources */,
				844500301E41CEA300866159 /* Fanfare.swift in Sources */,
			);
			runOnlyForDeploymentPostprocessing = 0;
		};
		8445000E1E41CE0000866159 /* Sources */ = {
			isa = PBXSourcesBuildPhase;
			buildActionMask = 2147483647;
			files = (
				844500181E41CE0000866159 /* ThreeRingControlTests.swift in Sources */,
			);
			runOnlyForDeploymentPostprocessing = 0;
		};
/* End PBXSourcesBuildPhase section */

/* Begin PBXTargetDependency section */
		844500151E41CE0000866159 /* PBXTargetDependency */ = {
			isa = PBXTargetDependency;
			target = 844500081E41CDFF00866159 /* ThreeRingControl */;
			targetProxy = 844500141E41CE0000866159 /* PBXContainerItemProxy */;
		};
/* End PBXTargetDependency section */

/* Begin XCBuildConfiguration section */
		8445001B1E41CE0000866159 /* Debug */ = {
			isa = XCBuildConfiguration;
			buildSettings = {
				ALWAYS_SEARCH_USER_PATHS = NO;
				CLANG_ANALYZER_NONNULL = YES;
				CLANG_CXX_LANGUAGE_STANDARD = "gnu++0x";
				CLANG_CXX_LIBRARY = "libc++";
				CLANG_ENABLE_MODULES = YES;
				CLANG_ENABLE_OBJC_ARC = YES;
				CLANG_WARN_BOOL_CONVERSION = YES;
				CLANG_WARN_CONSTANT_CONVERSION = YES;
				CLANG_WARN_DIRECT_OBJC_ISA_USAGE = YES_ERROR;
				CLANG_WARN_DOCUMENTATION_COMMENTS = YES;
				CLANG_WARN_EMPTY_BODY = YES;
				CLANG_WARN_ENUM_CONVERSION = YES;
				CLANG_WARN_INFINITE_RECURSION = YES;
				CLANG_WARN_INT_CONVERSION = YES;
				CLANG_WARN_OBJC_ROOT_CLASS = YES_ERROR;
				CLANG_WARN_SUSPICIOUS_MOVES = YES;
				CLANG_WARN_UNREACHABLE_CODE = YES;
				CLANG_WARN__DUPLICATE_METHOD_MATCH = YES;
				"CODE_SIGN_IDENTITY[sdk=iphoneos*]" = "iPhone Developer";
				COPY_PHASE_STRIP = NO;
				CURRENT_PROJECT_VERSION = 1;
				DEBUG_INFORMATION_FORMAT = dwarf;
				ENABLE_STRICT_OBJC_MSGSEND = YES;
				ENABLE_TESTABILITY = YES;
				GCC_C_LANGUAGE_STANDARD = gnu99;
				GCC_DYNAMIC_NO_PIC = NO;
				GCC_NO_COMMON_BLOCKS = YES;
				GCC_OPTIMIZATION_LEVEL = 0;
				GCC_PREPROCESSOR_DEFINITIONS = (
					"DEBUG=1",
					"$(inherited)",
				);
				GCC_WARN_64_TO_32_BIT_CONVERSION = YES;
				GCC_WARN_ABOUT_RETURN_TYPE = YES_ERROR;
				GCC_WARN_UNDECLARED_SELECTOR = YES;
				GCC_WARN_UNINITIALIZED_AUTOS = YES_AGGRESSIVE;
				GCC_WARN_UNUSED_FUNCTION = YES;
				GCC_WARN_UNUSED_VARIABLE = YES;
				IPHONEOS_DEPLOYMENT_TARGET = 10.0;
				MTL_ENABLE_DEBUG_INFO = YES;
				ONLY_ACTIVE_ARCH = YES;
				SDKROOT = iphoneos;
				SWIFT_ACTIVE_COMPILATION_CONDITIONS = DEBUG;
				SWIFT_OPTIMIZATION_LEVEL = "-Onone";
				TARGETED_DEVICE_FAMILY = "1,2";
				VERSIONING_SYSTEM = "apple-generic";
				VERSION_INFO_PREFIX = "";
			};
			name = Debug;
		};
		8445001C1E41CE0000866159 /* Release */ = {
			isa = XCBuildConfiguration;
			buildSettings = {
				ALWAYS_SEARCH_USER_PATHS = NO;
				CLANG_ANALYZER_NONNULL = YES;
				CLANG_CXX_LANGUAGE_STANDARD = "gnu++0x";
				CLANG_CXX_LIBRARY = "libc++";
				CLANG_ENABLE_MODULES = YES;
				CLANG_ENABLE_OBJC_ARC = YES;
				CLANG_WARN_BOOL_CONVERSION = YES;
				CLANG_WARN_CONSTANT_CONVERSION = YES;
				CLANG_WARN_DIRECT_OBJC_ISA_USAGE = YES_ERROR;
				CLANG_WARN_DOCUMENTATION_COMMENTS = YES;
				CLANG_WARN_EMPTY_BODY = YES;
				CLANG_WARN_ENUM_CONVERSION = YES;
				CLANG_WARN_INFINITE_RECURSION = YES;
				CLANG_WARN_INT_CONVERSION = YES;
				CLANG_WARN_OBJC_ROOT_CLASS = YES_ERROR;
				CLANG_WARN_SUSPICIOUS_MOVES = YES;
				CLANG_WARN_UNREACHABLE_CODE = YES;
				CLANG_WARN__DUPLICATE_METHOD_MATCH = YES;
				"CODE_SIGN_IDENTITY[sdk=iphoneos*]" = "iPhone Developer";
				COPY_PHASE_STRIP = NO;
				CURRENT_PROJECT_VERSION = 1;
				DEBUG_INFORMATION_FORMAT = "dwarf-with-dsym";
				ENABLE_NS_ASSERTIONS = NO;
				ENABLE_STRICT_OBJC_MSGSEND = YES;
				GCC_C_LANGUAGE_STANDARD = gnu99;
				GCC_NO_COMMON_BLOCKS = YES;
				GCC_WARN_64_TO_32_BIT_CONVERSION = YES;
				GCC_WARN_ABOUT_RETURN_TYPE = YES_ERROR;
				GCC_WARN_UNDECLARED_SELECTOR = YES;
				GCC_WARN_UNINITIALIZED_AUTOS = YES_AGGRESSIVE;
				GCC_WARN_UNUSED_FUNCTION = YES;
				GCC_WARN_UNUSED_VARIABLE = YES;
				IPHONEOS_DEPLOYMENT_TARGET = 10.0;
				MTL_ENABLE_DEBUG_INFO = NO;
				SDKROOT = iphoneos;
				SWIFT_OPTIMIZATION_LEVEL = "-Owholemodule";
				TARGETED_DEVICE_FAMILY = "1,2";
				VALIDATE_PRODUCT = YES;
				VERSIONING_SYSTEM = "apple-generic";
				VERSION_INFO_PREFIX = "";
			};
			name = Release;
		};
		8445001E1E41CE0000866159 /* Debug */ = {
			isa = XCBuildConfiguration;
			buildSettings = {
				CLANG_ENABLE_MODULES = YES;
				CODE_SIGN_IDENTITY = "";
				DEFINES_MODULE = YES;
				DYLIB_COMPATIBILITY_VERSION = 1;
				DYLIB_CURRENT_VERSION = 1;
				DYLIB_INSTALL_NAME_BASE = "@rpath";
				INFOPLIST_FILE = ThreeRingControl/Info.plist;
				INSTALL_PATH = "$(LOCAL_LIBRARY_DIR)/Frameworks";
				LD_RUNPATH_SEARCH_PATHS = "$(inherited) @executable_path/Frameworks @loader_path/Frameworks";
				PRODUCT_BUNDLE_IDENTIFIER = in.co.purnendu.ThreeRingControl;
				PRODUCT_NAME = "$(TARGET_NAME)";
				SKIP_INSTALL = YES;
				SWIFT_OPTIMIZATION_LEVEL = "-Onone";
				SWIFT_VERSION = 3.0;
			};
			name = Debug;
		};
		8445001F1E41CE0000866159 /* Release */ = {
			isa = XCBuildConfiguration;
			buildSettings = {
				CLANG_ENABLE_MODULES = YES;
				CODE_SIGN_IDENTITY = "";
				DEFINES_MODULE = YES;
				DYLIB_COMPATIBILITY_VERSION = 1;
				DYLIB_CURRENT_VERSION = 1;
				DYLIB_INSTALL_NAME_BASE = "@rpath";
				INFOPLIST_FILE = ThreeRingControl/Info.plist;
				INSTALL_PATH = "$(LOCAL_LIBRARY_DIR)/Frameworks";
				LD_RUNPATH_SEARCH_PATHS = "$(inherited) @executable_path/Frameworks @loader_path/Frameworks";
				PRODUCT_BUNDLE_IDENTIFIER = in.co.purnendu.ThreeRingControl;
				PRODUCT_NAME = "$(TARGET_NAME)";
				SKIP_INSTALL = YES;
				SWIFT_VERSION = 3.0;
			};
			name = Release;
		};
		844500211E41CE0000866159 /* Debug */ = {
			isa = XCBuildConfiguration;
			buildSettings = {
				ALWAYS_EMBED_SWIFT_STANDARD_LIBRARIES = YES;
				INFOPLIST_FILE = ThreeRingControlTests/Info.plist;
				LD_RUNPATH_SEARCH_PATHS = "$(inherited) @executable_path/Frameworks @loader_path/Frameworks";
				PRODUCT_BUNDLE_IDENTIFIER = in.co.purnendu.ThreeRingControlTests;
				PRODUCT_NAME = "$(TARGET_NAME)";
				SWIFT_VERSION = 3.0;
			};
			name = Debug;
		};
		844500221E41CE0000866159 /* Release */ = {
			isa = XCBuildConfiguration;
			buildSettings = {
				ALWAYS_EMBED_SWIFT_STANDARD_LIBRARIES = YES;
				INFOPLIST_FILE = ThreeRingControlTests/Info.plist;
				LD_RUNPATH_SEARCH_PATHS = "$(inherited) @executable_path/Frameworks @loader_path/Frameworks";
				PRODUCT_BUNDLE_IDENTIFIER = in.co.purnendu.ThreeRingControlTests;
				PRODUCT_NAME = "$(TARGET_NAME)";
				SWIFT_VERSION = 3.0;
			};
			name = Release;
		};
/* End XCBuildConfiguration section */

/* Begin XCConfigurationList section */
		844500031E41CDFF00866159 /* Build configuration list for PBXProject "ThreeRingControl" */ = {
			isa = XCConfigurationList;
			buildConfigurations = (
				8445001B1E41CE0000866159 /* Debug */,
				8445001C1E41CE0000866159 /* Release */,
			);
			defaultConfigurationIsVisible = 0;
			defaultConfigurationName = Release;
		};
		8445001D1E41CE0000866159 /* Build configuration list for PBXNativeTarget "ThreeRingControl" */ = {
			isa = XCConfigurationList;
			buildConfigurations = (
				8445001E1E41CE0000866159 /* Debug */,
				8445001F1E41CE0000866159 /* Release */,
			);
			defaultConfigurationIsVisible = 0;
		};
		844500201E41CE0000866159 /* Build configuration list for PBXNativeTarget "ThreeRingControlTests" */ = {
			isa = XCConfigurationList;
			buildConfigurations = (
				844500211E41CE0000866159 /* Debug */,
				844500221E41CE0000866159 /* Release */,
			);
			defaultConfigurationIsVisible = 0;
		};
/* End XCConfigurationList section */
	};
	rootObject = 844500001E41CDFF00866159 /* Project object */;
}
